// !$*UTF8*$!
{
	archiveVersion = 1;
	classes = {
	};
	objectVersion = 55;
	objects = {

/* Begin PBXBuildFile section */
		74519F8E272A4CB0006A324D /* Friend_struct.swift in Sources */ = {isa = PBXBuildFile; fileRef = 74519F8D272A4CB0006A324D /* Friend_struct.swift */; };
		74710134271CCCBA0023E8AD /* AppDelegate.swift in Sources */ = {isa = PBXBuildFile; fileRef = 74710133271CCCBA0023E8AD /* AppDelegate.swift */; };
		74710136271CCCBA0023E8AD /* SceneDelegate.swift in Sources */ = {isa = PBXBuildFile; fileRef = 74710135271CCCBA0023E8AD /* SceneDelegate.swift */; };
		7471013B271CCCBA0023E8AD /* Main.storyboard in Resources */ = {isa = PBXBuildFile; fileRef = 74710139271CCCBA0023E8AD /* Main.storyboard */; };
		7471013D271CCCBC0023E8AD /* Assets.xcassets in Resources */ = {isa = PBXBuildFile; fileRef = 7471013C271CCCBC0023E8AD /* Assets.xcassets */; };
		74710140271CCCBC0023E8AD /* LaunchScreen.storyboard in Resources */ = {isa = PBXBuildFile; fileRef = 7471013E271CCCBC0023E8AD /* LaunchScreen.storyboard */; };
		74DFC54C271CD838003A34A9 /* Session.swift in Sources */ = {isa = PBXBuildFile; fileRef = 74DFC54B271CD838003A34A9 /* Session.swift */; };
		74DFC55527264182003A34A9 /* Alamofire in Frameworks */ = {isa = PBXBuildFile; productRef = 74DFC55427264182003A34A9 /* Alamofire */; };
		74DFC557272642C8003A34A9 /* DataController.swift in Sources */ = {isa = PBXBuildFile; fileRef = 74DFC556272642C8003A34A9 /* DataController.swift */; };
		74DFC55927264307003A34A9 /* AuthorizationController.swift in Sources */ = {isa = PBXBuildFile; fileRef = 74DFC55827264307003A34A9 /* AuthorizationController.swift */; };
		74DFC55B27264F90003A34A9 /* GetFriendsAPI.swift in Sources */ = {isa = PBXBuildFile; fileRef = 74DFC55A27264F90003A34A9 /* GetFriendsAPI.swift */; };
		74DFC55D27265680003A34A9 /* GetPhotoAPI.swift in Sources */ = {isa = PBXBuildFile; fileRef = 74DFC55C27265680003A34A9 /* GetPhotoAPI.swift */; };
		74DFC55F272659FB003A34A9 /* GetGroupsAPI.swift in Sources */ = {isa = PBXBuildFile; fileRef = 74DFC55E272659FB003A34A9 /* GetGroupsAPI.swift */; };
		74DFC56127265A75003A34A9 /* GetSearchGroupAPI.swift in Sources */ = {isa = PBXBuildFile; fileRef = 74DFC56027265A75003A34A9 /* GetSearchGroupAPI.swift */; };
/* End PBXBuildFile section */

/* Begin PBXFileReference section */
		74519F8D272A4CB0006A324D /* Friend_struct.swift */ = {isa = PBXFileReference; lastKnownFileType = sourcecode.swift; path = Friend_struct.swift; sourceTree = "<group>"; };
		74710130271CCCBA0023E8AD /* Client_server_lessons.app */ = {isa = PBXFileReference; explicitFileType = wrapper.application; includeInIndex = 0; path = Client_server_lessons.app; sourceTree = BUILT_PRODUCTS_DIR; };
		74710133271CCCBA0023E8AD /* AppDelegate.swift */ = {isa = PBXFileReference; lastKnownFileType = sourcecode.swift; path = AppDelegate.swift; sourceTree = "<group>"; };
		74710135271CCCBA0023E8AD /* SceneDelegate.swift */ = {isa = PBXFileReference; lastKnownFileType = sourcecode.swift; path = SceneDelegate.swift; sourceTree = "<group>"; };
		7471013A271CCCBA0023E8AD /* Base */ = {isa = PBXFileReference; lastKnownFileType = file.storyboard; name = Base; path = Base.lproj/Main.storyboard; sourceTree = "<group>"; };
		7471013C271CCCBC0023E8AD /* Assets.xcassets */ = {isa = PBXFileReference; lastKnownFileType = folder.assetcatalog; path = Assets.xcassets; sourceTree = "<group>"; };
		7471013F271CCCBC0023E8AD /* Base */ = {isa = PBXFileReference; lastKnownFileType = file.storyboard; name = Base; path = Base.lproj/LaunchScreen.storyboard; sourceTree = "<group>"; };
		74710141271CCCBC0023E8AD /* Info.plist */ = {isa = PBXFileReference; lastKnownFileType = text.plist.xml; path = Info.plist; sourceTree = "<group>"; };
		74DFC54B271CD838003A34A9 /* Session.swift */ = {isa = PBXFileReference; lastKnownFileType = sourcecode.swift; path = Session.swift; sourceTree = "<group>"; };
		74DFC556272642C8003A34A9 /* DataController.swift */ = {isa = PBXFileReference; lastKnownFileType = sourcecode.swift; path = DataController.swift; sourceTree = "<group>"; };
		74DFC55827264307003A34A9 /* AuthorizationController.swift */ = {isa = PBXFileReference; lastKnownFileType = sourcecode.swift; path = AuthorizationController.swift; sourceTree = "<group>"; };
		74DFC55A27264F90003A34A9 /* GetFriendsAPI.swift */ = {isa = PBXFileReference; lastKnownFileType = sourcecode.swift; path = GetFriendsAPI.swift; sourceTree = "<group>"; };
		74DFC55C27265680003A34A9 /* GetPhotoAPI.swift */ = {isa = PBXFileReference; lastKnownFileType = sourcecode.swift; path = GetPhotoAPI.swift; sourceTree = "<group>"; };
		74DFC55E272659FB003A34A9 /* GetGroupsAPI.swift */ = {isa = PBXFileReference; lastKnownFileType = sourcecode.swift; path = GetGroupsAPI.swift; sourceTree = "<group>"; };
		74DFC56027265A75003A34A9 /* GetSearchGroupAPI.swift */ = {isa = PBXFileReference; lastKnownFileType = sourcecode.swift; path = GetSearchGroupAPI.swift; sourceTree = "<group>"; };
/* End PBXFileReference section */

/* Begin PBXFrameworksBuildPhase section */
		7471012D271CCCBA0023E8AD /* Frameworks */ = {
			isa = PBXFrameworksBuildPhase;
			buildActionMask = 2147483647;
			files = (
				74DFC55527264182003A34A9 /* Alamofire in Frameworks */,
			);
			runOnlyForDeploymentPostprocessing = 0;
		};
/* End PBXFrameworksBuildPhase section */

/* Begin PBXGroup section */
		74710127271CCCBA0023E8AD = {
			isa = PBXGroup;
			children = (
				74710132271CCCBA0023E8AD /* Client_server_lessons */,
				74710131271CCCBA0023E8AD /* Products */,
			);
			sourceTree = "<group>";
		};
		74710131271CCCBA0023E8AD /* Products */ = {
			isa = PBXGroup;
			children = (
				74710130271CCCBA0023E8AD /* Client_server_lessons.app */,
			);
			name = Products;
			sourceTree = "<group>";
		};
		74710132271CCCBA0023E8AD /* Client_server_lessons */ = {
			isa = PBXGroup;
			children = (
				74DFC54E271CDA1F003A34A9 /* App */,
				74DFC54D271CD9B8003A34A9 /* Resources */,
				74710139271CCCBA0023E8AD /* Main.storyboard */,
				74DFC54B271CD838003A34A9 /* Session.swift */,
				74DFC556272642C8003A34A9 /* DataController.swift */,
				74DFC56227265BFD003A34A9 /* Services */,
				74DFC55827264307003A34A9 /* AuthorizationController.swift */,
			);
			path = Client_server_lessons;
			sourceTree = "<group>";
		};
		74DFC54D271CD9B8003A34A9 /* Resources */ = {
			isa = PBXGroup;
			children = (
				7471013C271CCCBC0023E8AD /* Assets.xcassets */,
				7471013E271CCCBC0023E8AD /* LaunchScreen.storyboard */,
				74710141271CCCBC0023E8AD /* Info.plist */,
			);
			path = Resources;
			sourceTree = "<group>";
		};
		74DFC54E271CDA1F003A34A9 /* App */ = {
			isa = PBXGroup;
			children = (
				74710135271CCCBA0023E8AD /* SceneDelegate.swift */,
				74710133271CCCBA0023E8AD /* AppDelegate.swift */,
			);
			path = App;
			sourceTree = "<group>";
		};
		74DFC56227265BFD003A34A9 /* Services */ = {
			isa = PBXGroup;
			children = (
				74DFC56027265A75003A34A9 /* GetSearchGroupAPI.swift */,
				74DFC55E272659FB003A34A9 /* GetGroupsAPI.swift */,
				74DFC55C27265680003A34A9 /* GetPhotoAPI.swift */,
				74DFC55A27264F90003A34A9 /* GetFriendsAPI.swift */,
				74519F8D272A4CB0006A324D /* Friend_struct.swift */,
			);
			path = Services;
			sourceTree = "<group>";
		};
/* End PBXGroup section */

/* Begin PBXNativeTarget section */
		7471012F271CCCBA0023E8AD /* Client_server_lessons */ = {
			isa = PBXNativeTarget;
			buildConfigurationList = 74710144271CCCBC0023E8AD /* Build configuration list for PBXNativeTarget "Client_server_lessons" */;
			buildPhases = (
				7471012C271CCCBA0023E8AD /* Sources */,
				7471012D271CCCBA0023E8AD /* Frameworks */,
				7471012E271CCCBA0023E8AD /* Resources */,
			);
			buildRules = (
			);
			dependencies = (
			);
			name = Client_server_lessons;
			packageProductDependencies = (
				74DFC55427264182003A34A9 /* Alamofire */,
			);
			productName = Client_server_lessons;
			productReference = 74710130271CCCBA0023E8AD /* Client_server_lessons.app */;
			productType = "com.apple.product-type.application";
		};
/* End PBXNativeTarget section */

/* Begin PBXProject section */
		74710128271CCCBA0023E8AD /* Project object */ = {
			isa = PBXProject;
			attributes = {
				BuildIndependentTargetsInParallel = 1;
				LastSwiftUpdateCheck = 1300;
				LastUpgradeCheck = 1300;
				TargetAttributes = {
					7471012F271CCCBA0023E8AD = {
						CreatedOnToolsVersion = 13.0;
					};
				};
			};
			buildConfigurationList = 7471012B271CCCBA0023E8AD /* Build configuration list for PBXProject "Client_server_lessons" */;
			compatibilityVersion = "Xcode 13.0";
			developmentRegion = en;
			hasScannedForEncodings = 0;
			knownRegions = (
				en,
				Base,
			);
			mainGroup = 74710127271CCCBA0023E8AD;
			packageReferences = (
				74DFC55327264182003A34A9 /* XCRemoteSwiftPackageReference "Alamofire" */,
				74519F8C272A40AD006A324D /* XCRemoteSwiftPackageReference "SwiftyJSON" */,
			);
			productRefGroup = 74710131271CCCBA0023E8AD /* Products */;
			projectDirPath = "";
			projectRoot = "";
			targets = (
				7471012F271CCCBA0023E8AD /* Client_server_lessons */,
			);
		};
/* End PBXProject section */

/* Begin PBXResourcesBuildPhase section */
		7471012E271CCCBA0023E8AD /* Resources */ = {
			isa = PBXResourcesBuildPhase;
			buildActionMask = 2147483647;
			files = (
				74710140271CCCBC0023E8AD /* LaunchScreen.storyboard in Resources */,
				7471013D271CCCBC0023E8AD /* Assets.xcassets in Resources */,
				7471013B271CCCBA0023E8AD /* Main.storyboard in Resources */,
			);
			runOnlyForDeploymentPostprocessing = 0;
		};
/* End PBXResourcesBuildPhase section */

/* Begin PBXSourcesBuildPhase section */
		7471012C271CCCBA0023E8AD /* Sources */ = {
			isa = PBXSourcesBuildPhase;
			buildActionMask = 2147483647;
			files = (
				74DFC56127265A75003A34A9 /* GetSearchGroupAPI.swift in Sources */,
				74DFC55D27265680003A34A9 /* GetPhotoAPI.swift in Sources */,
				74519F8E272A4CB0006A324D /* Friend_struct.swift in Sources */,
				74710134271CCCBA0023E8AD /* AppDelegate.swift in Sources */,
				74DFC55B27264F90003A34A9 /* GetFriendsAPI.swift in Sources */,
				74710136271CCCBA0023E8AD /* SceneDelegate.swift in Sources */,
				74DFC557272642C8003A34A9 /* DataController.swift in Sources */,
				74DFC54C271CD838003A34A9 /* Session.swift in Sources */,
				74DFC55927264307003A34A9 /* AuthorizationController.swift in Sources */,
				74DFC55F272659FB003A34A9 /* GetGroupsAPI.swift in Sources */,
			);
			runOnlyForDeploymentPostprocessing = 0;
		};
/* End PBXSourcesBuildPhase section */

/* Begin PBXVariantGroup section */
		74710139271CCCBA0023E8AD /* Main.storyboard */ = {
			isa = PBXVariantGroup;
			children = (
				7471013A271CCCBA0023E8AD /* Base */,
			);
			name = Main.storyboard;
			sourceTree = "<group>";
		};
		7471013E271CCCBC0023E8AD /* LaunchScreen.storyboard */ = {
			isa = PBXVariantGroup;
			children = (
				7471013F271CCCBC0023E8AD /* Base */,
			);
			name = LaunchScreen.storyboard;
			sourceTree = "<group>";
		};
/* End PBXVariantGroup section */

/* Begin XCBuildConfiguration section */
		74710142271CCCBC0023E8AD /* Debug */ = {
			isa = XCBuildConfiguration;
			buildSettings = {
				ALWAYS_SEARCH_USER_PATHS = NO;
				CLANG_ANALYZER_NONNULL = YES;
				CLANG_ANALYZER_NUMBER_OBJECT_CONVERSION = YES_AGGRESSIVE;
				CLANG_CXX_LANGUAGE_STANDARD = "gnu++17";
				CLANG_CXX_LIBRARY = "libc++";
				CLANG_ENABLE_MODULES = YES;
				CLANG_ENABLE_OBJC_ARC = YES;
				CLANG_ENABLE_OBJC_WEAK = YES;
				CLANG_WARN_BLOCK_CAPTURE_AUTORELEASING = YES;
				CLANG_WARN_BOOL_CONVERSION = YES;
				CLANG_WARN_COMMA = YES;
				CLANG_WARN_CONSTANT_CONVERSION = YES;
				CLANG_WARN_DEPRECATED_OBJC_IMPLEMENTATIONS = YES;
				CLANG_WARN_DIRECT_OBJC_ISA_USAGE = YES_ERROR;
				CLANG_WARN_DOCUMENTATION_COMMENTS = YES;
				CLANG_WARN_EMPTY_BODY = YES;
				CLANG_WARN_ENUM_CONVERSION = YES;
				CLANG_WARN_INFINITE_RECURSION = YES;
				CLANG_WARN_INT_CONVERSION = YES;
				CLANG_WARN_NON_LITERAL_NULL_CONVERSION = YES;
				CLANG_WARN_OBJC_IMPLICIT_RETAIN_SELF = YES;
				CLANG_WARN_OBJC_LITERAL_CONVERSION = YES;
				CLANG_WARN_OBJC_ROOT_CLASS = YES_ERROR;
				CLANG_WARN_QUOTED_INCLUDE_IN_FRAMEWORK_HEADER = YES;
				CLANG_WARN_RANGE_LOOP_ANALYSIS = YES;
				CLANG_WARN_STRICT_PROTOTYPES = YES;
				CLANG_WARN_SUSPICIOUS_MOVE = YES;
				CLANG_WARN_UNGUARDED_AVAILABILITY = YES_AGGRESSIVE;
				CLANG_WARN_UNREACHABLE_CODE = YES;
				CLANG_WARN__DUPLICATE_METHOD_MATCH = YES;
				COPY_PHASE_STRIP = NO;
				DEBUG_INFORMATION_FORMAT = dwarf;
				ENABLE_STRICT_OBJC_MSGSEND = YES;
				ENABLE_TESTABILITY = YES;
				GCC_C_LANGUAGE_STANDARD = gnu11;
				GCC_DYNAMIC_NO_PIC = NO;
				GCC_NO_COMMON_BLOCKS = YES;
				GCC_OPTIMIZATION_LEVEL = 0;
				GCC_PREPROCESSOR_DEFINITIONS = (
					"DEBUG=1",
					"$(inherited)",
				);
				GCC_WARN_64_TO_32_BIT_CONVERSION = YES;
				GCC_WARN_ABOUT_RETURN_TYPE = YES_ERROR;
				GCC_WARN_UNDECLARED_SELECTOR = YES;
				GCC_WARN_UNINITIALIZED_AUTOS = YES_AGGRESSIVE;
				GCC_WARN_UNUSED_FUNCTION = YES;
				GCC_WARN_UNUSED_VARIABLE = YES;
				IPHONEOS_DEPLOYMENT_TARGET = 15.0;
				MTL_ENABLE_DEBUG_INFO = INCLUDE_SOURCE;
				MTL_FAST_MATH = YES;
				ONLY_ACTIVE_ARCH = YES;
				SDKROOT = iphoneos;
				SWIFT_ACTIVE_COMPILATION_CONDITIONS = DEBUG;
				SWIFT_OPTIMIZATION_LEVEL = "-Onone";
			};
			name = Debug;
		};
		74710143271CCCBC0023E8AD /* Release */ = {
			isa = XCBuildConfiguration;
			buildSettings = {
				ALWAYS_SEARCH_USER_PATHS = NO;
				CLANG_ANALYZER_NONNULL = YES;
				CLANG_ANALYZER_NUMBER_OBJECT_CONVERSION = YES_AGGRESSIVE;
				CLANG_CXX_LANGUAGE_STANDARD = "gnu++17";
				CLANG_CXX_LIBRARY = "libc++";
				CLANG_ENABLE_MODULES = YES;
				CLANG_ENABLE_OBJC_ARC = YES;
				CLANG_ENABLE_OBJC_WEAK = YES;
				CLANG_WARN_BLOCK_CAPTURE_AUTORELEASING = YES;
				CLANG_WARN_BOOL_CONVERSION = YES;
				CLANG_WARN_COMMA = YES;
				CLANG_WARN_CONSTANT_CONVERSION = YES;
				CLANG_WARN_DEPRECATED_OBJC_IMPLEMENTATIONS = YES;
				CLANG_WARN_DIRECT_OBJC_ISA_USAGE = YES_ERROR;
				CLANG_WARN_DOCUMENTATION_COMMENTS = YES;
				CLANG_WARN_EMPTY_BODY = YES;
				CLANG_WARN_ENUM_CONVERSION = YES;
				CLANG_WARN_INFINITE_RECURSION = YES;
				CLANG_WARN_INT_CONVERSION = YES;
				CLANG_WARN_NON_LITERAL_NULL_CONVERSION = YES;
				CLANG_WARN_OBJC_IMPLICIT_RETAIN_SELF = YES;
				CLANG_WARN_OBJC_LITERAL_CONVERSION = YES;
				CLANG_WARN_OBJC_ROOT_CLASS = YES_ERROR;
				CLANG_WARN_QUOTED_INCLUDE_IN_FRAMEWORK_HEADER = YES;
				CLANG_WARN_RANGE_LOOP_ANALYSIS = YES;
				CLANG_WARN_STRICT_PROTOTYPES = YES;
				CLANG_WARN_SUSPICIOUS_MOVE = YES;
				CLANG_WARN_UNGUARDED_AVAILABILITY = YES_AGGRESSIVE;
				CLANG_WARN_UNREACHABLE_CODE = YES;
				CLANG_WARN__DUPLICATE_METHOD_MATCH = YES;
				COPY_PHASE_STRIP = NO;
				DEBUG_INFORMATION_FORMAT = "dwarf-with-dsym";
				ENABLE_NS_ASSERTIONS = NO;
				ENABLE_STRICT_OBJC_MSGSEND = YES;
				GCC_C_LANGUAGE_STANDARD = gnu11;
				GCC_NO_COMMON_BLOCKS = YES;
				GCC_WARN_64_TO_32_BIT_CONVERSION = YES;
				GCC_WARN_ABOUT_RETURN_TYPE = YES_ERROR;
				GCC_WARN_UNDECLARED_SELECTOR = YES;
				GCC_WARN_UNINITIALIZED_AUTOS = YES_AGGRESSIVE;
				GCC_WARN_UNUSED_FUNCTION = YES;
				GCC_WARN_UNUSED_VARIABLE = YES;
				IPHONEOS_DEPLOYMENT_TARGET = 15.0;
				MTL_ENABLE_DEBUG_INFO = NO;
				MTL_FAST_MATH = YES;
				SDKROOT = iphoneos;
				SWIFT_COMPILATION_MODE = wholemodule;
				SWIFT_OPTIMIZATION_LEVEL = "-O";
				VALIDATE_PRODUCT = YES;
			};
			name = Release;
		};
		74710145271CCCBC0023E8AD /* Debug */ = {
			isa = XCBuildConfiguration;
			buildSettings = {
				ASSETCATALOG_COMPILER_APPICON_NAME = AppIcon;
				ASSETCATALOG_COMPILER_GLOBAL_ACCENT_COLOR_NAME = AccentColor;
				CODE_SIGN_STYLE = Automatic;
				CURRENT_PROJECT_VERSION = 1;
				DEVELOPMENT_TEAM = 28694ZF259;
				GENERATE_INFOPLIST_FILE = YES;
				INFOPLIST_FILE = Client_server_lessons/Resources/Info.plist;
				INFOPLIST_KEY_UIApplicationSupportsIndirectInputEvents = YES;
				INFOPLIST_KEY_UILaunchStoryboardName = LaunchScreen;
				INFOPLIST_KEY_UIMainStoryboardFile = Main;
				INFOPLIST_KEY_UISupportedInterfaceOrientations_iPad = "UIInterfaceOrientationPortrait UIInterfaceOrientationPortraitUpsideDown UIInterfaceOrientationLandscapeLeft UIInterfaceOrientationLandscapeRight";
				INFOPLIST_KEY_UISupportedInterfaceOrientations_iPhone = "UIInterfaceOrientationPortrait UIInterfaceOrientationLandscapeLeft UIInterfaceOrientationLandscapeRight";
				LD_RUNPATH_SEARCH_PATHS = (
					"$(inherited)",
					"@executable_path/Frameworks",
				);
				MARKETING_VERSION = 1.0;
				PRODUCT_BUNDLE_IDENTIFIER = "none.Client-server-lessons";
				PRODUCT_NAME = "$(TARGET_NAME)";
				SWIFT_EMIT_LOC_STRINGS = YES;
				SWIFT_VERSION = 5.0;
				TARGETED_DEVICE_FAMILY = "1,2";
			};
			name = Debug;
		};
		74710146271CCCBC0023E8AD /* Release */ = {
			isa = XCBuildConfiguration;
			buildSettings = {
				ASSETCATALOG_COMPILER_APPICON_NAME = AppIcon;
				ASSETCATALOG_COMPILER_GLOBAL_ACCENT_COLOR_NAME = AccentColor;
				CODE_SIGN_STYLE = Automatic;
				CURRENT_PROJECT_VERSION = 1;
				DEVELOPMENT_TEAM = 28694ZF259;
				GENERATE_INFOPLIST_FILE = YES;
				INFOPLIST_FILE = Client_server_lessons/Resources/Info.plist;
				INFOPLIST_KEY_UIApplicationSupportsIndirectInputEvents = YES;
				INFOPLIST_KEY_UILaunchStoryboardName = LaunchScreen;
				INFOPLIST_KEY_UIMainStoryboardFile = Main;
				INFOPLIST_KEY_UISupportedInterfaceOrientations_iPad = "UIInterfaceOrientationPortrait UIInterfaceOrientationPortraitUpsideDown UIInterfaceOrientationLandscapeLeft UIInterfaceOrientationLandscapeRight";
				INFOPLIST_KEY_UISupportedInterfaceOrientations_iPhone = "UIInterfaceOrientationPortrait UIInterfaceOrientationLandscapeLeft UIInterfaceOrientationLandscapeRight";
				LD_RUNPATH_SEARCH_PATHS = (
					"$(inherited)",
					"@executable_path/Frameworks",
				);
				MARKETING_VERSION = 1.0;
				PRODUCT_BUNDLE_IDENTIFIER = "none.Client-server-lessons";
				PRODUCT_NAME = "$(TARGET_NAME)";
				SWIFT_EMIT_LOC_STRINGS = YES;
				SWIFT_VERSION = 5.0;
				TARGETED_DEVICE_FAMILY = "1,2";
			};
			name = Release;
		};
/* End XCBuildConfiguration section */

/* Begin XCConfigurationList section */
		7471012B271CCCBA0023E8AD /* Build configuration list for PBXProject "Client_server_lessons" */ = {
			isa = XCConfigurationList;
			buildConfigurations = (
				74710142271CCCBC0023E8AD /* Debug */,
				74710143271CCCBC0023E8AD /* Release */,
			);
			defaultConfigurationIsVisible = 0;
			defaultConfigurationName = Release;
		};
		74710144271CCCBC0023E8AD /* Build configuration list for PBXNativeTarget "Client_server_lessons" */ = {
			isa = XCConfigurationList;
			buildConfigurations = (
				74710145271CCCBC0023E8AD /* Debug */,
				74710146271CCCBC0023E8AD /* Release */,
			);
			defaultConfigurationIsVisible = 0;
			defaultConfigurationName = Release;
		};
/* End XCConfigurationList section */

/* Begin XCRemoteSwiftPackageReference section */
		74519F8C272A40AD006A324D /* XCRemoteSwiftPackageReference "SwiftyJSON" */ = {
			isa = XCRemoteSwiftPackageReference;
			repositoryURL = "https://github.com/SwiftyJSON/SwiftyJSON.git";
			requirement = {
				kind = upToNextMajorVersion;
				minimumVersion = 3.0.0;
			};
		};
		74DFC55327264182003A34A9 /* XCRemoteSwiftPackageReference "Alamofire" */ = {
			isa = XCRemoteSwiftPackageReference;
			repositoryURL = "https://github.com/Alamofire/Alamofire.git";
			requirement = {
				kind = upToNextMajorVersion;
				minimumVersion = 5.0.0;
			};
		};
/* End XCRemoteSwiftPackageReference section */

/* Begin XCSwiftPackageProductDependency section */
		74DFC55427264182003A34A9 /* Alamofire */ = {
			isa = XCSwiftPackageProductDependency;
			package = 74DFC55327264182003A34A9 /* XCRemoteSwiftPackageReference "Alamofire" */;
			productName = Alamofire;
		};
/* End XCSwiftPackageProductDependency section */
	};
	rootObject = 74710128271CCCBA0023E8AD /* Project object */;
}
